Microsoft Visual Studio Solution File, Format Version 12.00
# Visual Studio Version 17
VisualStudioVersion = 17.5.2.0
MinimumVisualStudioVersion = 10.0.40219.1
Project("{FAE04EC0-301F-11D3-BF4B-00C04F79EFBC}") = "ERP.API", "ERP.API.csproj", "{7AB06558-38F7-5A5E-5FD4-23648934D239}"
EndProject
Global
	GlobalSection(SolutionConfigurationPlatforms) = preSolution
		Debug|Any CPU = Debug|Any CPU
		Release|Any CPU = Release|Any CPU
	EndGlobalSection
	GlobalSection(ProjectConfigurationPlatforms) = postSolution
		{7AB06558-38F7-5A5E-5FD4-23648934D239}.Debug|Any CPU.ActiveCfg = Debug|Any CPU
		{7AB06558-38F7-5A5E-5FD4-23648934D239}.Debug|Any CPU.Build.0 = Debug|Any CPU
		{7AB06558-38F7-5A5E-5FD4-23648934D239}.Release|Any CPU.ActiveCfg = Release|Any CPU
		{7AB06558-38F7-5A5E-5FD4-23648934D239}.Release|Any CPU.Build.0 = Release|Any CPU
	EndGlobalSection
	GlobalSection(SolutionProperties) = preSolution
		HideSolutionNode = FALSE
	EndGlobalSection
	GlobalSection(ExtensibilityGlobals) = postSolution
		SolutionGuid = {801DF956-B73B-4B65-8095-337D483F47F0}
	EndGlobalSection
EndGlobal
